<Solution>
  <Folder Name="/src/">
    <Project Path="src/ApiGateway/ApiGateway.csproj" />
    <Project Path="src/BackgroundWorker.App/BackgroundWorker.App.csproj" />
    <Project Path="src/BackgroundWorker.Core/BackgroundWorker.Core.csproj" />
    <Project Path="src/Infrastructure/Infrastructure.csproj" Id="631f81e7-6ddb-4301-8f93-1b0babb47951" />
    <Project Path="src/Shared/Shared.csproj" />
  </Folder>
</Solution>
